{
  "name": "subscriber-portal-enhanced",
  "version": "2.0.0",
  "lockfileVersion": 3,
  "requires": true,
  "packages": {
    "": {
      "name": "subscriber-portal-enhanced",
      "version": "2.0.0",
      "dependencies": {
        "@emotion/react": "11.10.0",
        "@emotion/styled": "11.10.0",
        "@mui/icons-material": "5.11.0",
        "@mui/material": "5.11.0",
        "axios": "1.3.0",
        "d3-array": "3.2.4",
        "d3-color": "3.1.0",
        "d3-format": "3.1.0",
        "d3-interpolate": "3.0.1",
        "d3-path": "3.1.0",
        "d3-scale": "4.0.2",
        "d3-shape": "3.2.0",
        "d3-time": "3.1.0",
        "d3-time-format": "4.1.0",
        "d3-timer": "3.0.1",
        "decimal.js-light": "2.5.1",
        "fast-equals": "5.0.1",
        "react": "18.2.0",
        "react-dom": "18.2.0",
        "react-is": "18.2.0",
        "react-router-dom": "6.8.0",
        "react-scripts": "5.0.1",
        "react-smooth": "4.0.0",
        "recharts": "2.8.0",
        "recharts-scale": "0.4.5",
        "tiny-invariant": "1.3.1",
        "victory-vendor": "36.9.1"
      }
    },
    "node_modules/@emotion/react": {
      "version": "11.10.0",
      "resolved": "https://registry.npmjs.org/@emotion/react/-/react-11.10.0.tgz",
      "integrity": "sha512-K33LKdOBNJHGjvIWOHSYZ3NuAzqnIrr8NVOBsYXWa2SXCnE2Hj3xTt+3tYdQ1l4X3ZI7pV5r1YQU7Q0tI/dEoQ=="
    },
    "node_modules/@emotion/styled": {
      "version": "11.10.0",
      "resolved": "https://registry.npmjs.org/@emotion/styled/-/styled-11.10.0.tgz",
      "integrity": "sha512-G0BPPQ2c51E9X4KcUajGNpCUJk/7CCRvC2xhGJT9yQgRyB5Q7VYqECzTSW2TlCgW2p6oH4pPNX/N3bEfJT5YqA=="
    },
    "node_modules/@mui/icons-material": {
      "version": "5.11.0",
      "resolved": "https://registry.npmjs.org/@mui/icons-material/-/icons-material-5.11.0.tgz",
      "integrity": "sha512-o2oqdKBcQOW7PfGkFThWE5YwbFZBIgS4NVL+qPc3v3qV4YTlGGjqfzFeSiHUGh1CuPCF1NJRTaHh2GFGnZ7lFQ=="
    },
    "node_modules/@mui/material": {
      "version": "5.11.0",
      "resolved": "https://registry.npmjs.org/@mui/material/-/material-5.11.0.tgz",
      "integrity": "sha512-JlWeL8C1vEhHZD5R5YuTq6Zrr6lkOqiw9E0TK2JGe8PaG5vKdJO5ePERMVnqMSHRW5J2NwvKZwdEHQqS+Rj6Q=="
    },
    "node_modules/axios": {
      "version": "1.3.0",
      "resolved": "https://registry.npmjs.org/axios/-/axios-1.3.0.tgz",
      "integrity": "sha512-HER4YXjrT6Rj3xbYgbKKJhKh8K4W1v0vNYnWWCh+IfpgKQaOhKfQQ5qwz8dqnzHmXE9Gb5dP1UkUhz+1vkrJPQ=="
    },
    "node_modules/d3-array": {
      "version": "3.2.4",
      "resolved": "https://registry.npmjs.org/d3-array/-/d3-array-3.2.4.tgz",
      "integrity": "sha512-tdQAmyA18i4J7wprpYq8ClcxZy3SC31QMeByyCFyRt7BVHdREQZ5lpzoe5mFEYZUWe+oq8HBvk9JjpibyEV4Jg=="
    },
    "node_modules/d3-color": {
      "version": "3.1.0",
      "resolved": "https://registry.npmjs.org/d3-color/-/d3-color-3.1.0.tgz",
      "integrity": "sha512-zg/chbXyeBtMQ1LbD/WSoW2DpC3I0mpmPdW+ynRTj/x2DAWYrIY7qeZIHidozwV24m4iavr15lNwIwLxRmOxhA=="
    },
    "node_modules/react": {
      "version": "18.2.0",
      "resolved": "https://registry.npmjs.org/react/-/react-18.2.0.tgz",
      "integrity": "sha512-/3IjMdb2L9QbBdWiW5e3P2/npwMBaU9mHCSCUzNln0ZCYbcfTsGbTJrU/kGemdH2IWmB2ioZ+zkxtmq6g09fGQ==",
      "dependencies": {
        "loose-envify": "^1.1.0"
      },
      "engines": {
        "node": ">=0.10.0"
      }
    },
    "node_modules/react-dom": {
      "version": "18.2.0",
      "resolved": "https://registry.npmjs.org/react-dom/-/react-dom-18.2.0.tgz",
      "integrity": "sha512-6IMTriUmvsjHUjNtEDudZfuDQUoWXVxKHhlEGSk81n4YFS+r/Kl99wXiwlVXtPBtJenozv2P+hxDsw9eA7Xo6g==",
      "dependencies": {
        "loose-envify": "^1.1.0",
        "scheduler": "^0.23.0"
      },
      "peerDependencies": {
        "react": "^18.2.0"
      }
    },
    "node_modules/react-router-dom": {
      "version": "6.8.0",
      "resolved": "https://registry.npmjs.org/react-router-dom/-/react-router-dom-6.8.0.tgz",
      "integrity": "sha512-HezQzgtx+Y6UNMTNqvJHyA6FC5SzOiKtWV4vhJbf3v5KdBEjbDGVaUJUCWwDiKcV/8S1W0yMgYJlV0GXQDK7Iq==",
      "engines": {
        "node": ">=14.0.0"
      },
      "peerDependencies": {
        "react": ">=16.8",
        "react-dom": ">=16.8"
      }
    },
    "node_modules/react-scripts": {
      "version": "5.0.1",
      "resolved": "https://registry.npmjs.org/react-scripts/-/react-scripts-5.0.1.tgz",
      "integrity": "sha512-8VAmEm/ZAwQzJ+GOMLbBsTdDKOpuZh7RPs0UymvBR2vRk4iZWCskjbFnxqjrzoIvlNNRZ3QJFx6/qDSi6zSnaQ==",
      "hasInstallScript": true,
      "bin": {
        "react-scripts": "bin/react-scripts.js"
      },
      "engines": {
        "node": ">=14.0.0"
      },
      "optionalDependencies": {
        "fsevents": "^2.3.2"
      },
      "peerDependencies": {
        "react": ">= 16",
        "typescript": "^3.2.1 || ^4"
      },
      "peerDependenciesMeta": {
        "typescript": {
          "optional": true
        }
      }
    },
    "node_modules/recharts": {
      "version": "2.8.0",
      "resolved": "https://registry.npmjs.org/recharts/-/recharts-2.8.0.tgz",
      "integrity": "sha512-O2/mwGm5GkCuQnbBsq8F2b5tEt1sWB8YnZ8rKD1rX16OXGkNKcZhI3jLnOQnfXLI9t6ZFNzGLX0HZlC8B7U0w==",
      "peerDependencies": {
        "react": "^16.0.0 || ^17.0.0 || ^18.0.0",
        "react-dom": "^16.0.0 || ^17.0.0 || ^18.0.0"
      }
    }
  }
}
